{
  "name": "ansi-colors",
  "version": "1.0.0",
  "lockfileVersion": 2,
  "requires": true,
  "packages": {
    "": {
      "name": "ansi-colors",
      "version": "1.0.0",
      "license": "MIT",
      "dependencies": {
        "tty": "^1.0.1"
      }
    },
    "node_modules/tty": {
      "version": "1.0.1",
      "resolved": "https://registry.npmjs.org/tty/-/tty-1.0.1.tgz",
      "integrity": "sha512-yCPqGIuidycVkRigBDshlGDLKu9+p4JKtBQijtYcI7ZnWwak56vwT7y7dGGTcxG+ecjxgWQOPWuvlePmxC5S2w=="
    }
  },
  "dependencies": {
    "tty": {
      "version": "1.0.1",
      "resolved": "https://registry.npmjs.org/tty/-/tty-1.0.1.tgz",
      "integrity": "sha512-yCPqGIuidycVkRigBDshlGDLKu9+p4JKtBQijtYcI7ZnWwak56vwT7y7dGGTcxG+ecjxgWQOPWuvlePmxC5S2w=="
    }
  }
}
